
Microsoft Visual Studio Solution File, Format Version 12.00
# Visual Studio 15
VisualStudioVersion = 15.0.26730.15
MinimumVisualStudioVersion = 10.0.40219.1
Project("{FAE04EC0-301F-11D3-BF4B-00C04F79EFBC}") = "MyFirstBot", "MyFirstBot\MyFirstBot.csproj", "{3FED5EA4-DDED-4FDD-AFE8-99A7C36D9A44}"
EndProject
Global
	GlobalSection(SolutionConfigurationPlatforms) = preSolution
		Debug|Any CPU = Debug|Any CPU
		Release|Any CPU = Release|Any CPU
	EndGlobalSection
	GlobalSection(ProjectConfigurationPlatforms) = postSolution
		{3FED5EA4-DDED-4FDD-AFE8-99A7C36D9A44}.Debug|Any CPU.ActiveCfg = Debug|Any CPU
		{3FED5EA4-DDED-4FDD-AFE8-99A7C36D9A44}.Debug|Any CPU.Build.0 = Debug|Any CPU
		{3FED5EA4-DDED-4FDD-AFE8-99A7C36D9A44}.Release|Any CPU.ActiveCfg = Release|Any CPU
		{3FED5EA4-DDED-4FDD-AFE8-99A7C36D9A44}.Release|Any CPU.Build.0 = Release|Any CPU
	EndGlobalSection
	GlobalSection(SolutionProperties) = preSolution
		HideSolutionNode = FALSE
	EndGlobalSection
	GlobalSection(ExtensibilityGlobals) = postSolution
		SolutionGuid = {2B3620F4-5260-48BA-BDD2-F9E9E4B6F337}
	EndGlobalSection
EndGlobal
